#MicroXplorer Configuration settings - do not modify
Mcu.Family=STM32F4
PC3.Mode=Full_Duplex_Master
ProjectManager.MainLocation=Core/Src
VP_TIM5_VS_ClockSourceINT.Mode=Internal
Dma.SPI2_TX.0.MemInc=DMA_MINC_ENABLE
PH0-OSC_IN.Signal=RCC_OSC_IN
RCC.CortexFreq_Value=168000000
ProjectManager.KeepUserCode=true
Mcu.UserName=STM32F407VETx
PE11.GPIOParameters=PinState
SPI2.VirtualType=VM_MASTER
PB10.Mode=Full_Duplex_Master
VP_TIM5_VS_ClockSourceINT.Signal=TIM5_VS_ClockSourceINT
SH.GPXTI9.0=GPIO_EXTI9
RCC.PLLCLKFreq_Value=168000000
RCC.PLLQCLKFreq_Value=84000000
ProjectManager.functionlistsort=1-MX_GPIO_Init-GPIO-false-LL-true,2-MX_DMA_Init-DMA-false-LL-true,3-SystemClock_Config-RCC-false-LL-false,4-MX_USART1_UART_Init-USART1-false-LL-true,5-MX_SPI2_Init-SPI2-false-HAL-true,6-MX_TIM5_Init-TIM5-false-HAL-true
PE11.PinState=GPIO_PIN_SET
RCC.RTCFreq_Value=32000
Dma.SPI2_TX.0.RequestParameters=Instance,Direction,PeriphInc,MemInc,PeriphDataAlignment,MemDataAlignment,Mode,Priority,FIFOMode
USART1.IPParameters=VirtualMode
NVIC.DMA1_Stream4_IRQn=true\:15\:0\:true\:false\:true\:true\:false\:true
Dma.SPI2_TX.0.Instance=DMA1_Stream4
PinOutPanel.RotationAngle=0
RCC.SYSCLKSource=RCC_SYSCLKSOURCE_PLLCLK
ProjectManager.StackSize=0x400
Dma.SPI2_TX.0.MemDataAlignment=DMA_MDATAALIGN_BYTE
Mcu.IP4=SPI2
RCC.FCLKCortexFreq_Value=168000000
Mcu.IP5=SYS
Mcu.IP2=NVIC
NVIC.SVCall_IRQn=true\:0\:0\:false\:false\:false\:false\:false\:false
Mcu.IP3=RCC
Mcu.IP0=DMA
Mcu.IP1=FREERTOS
SPI2.CLKPolarity=SPI_POLARITY_HIGH
Mcu.UserConstants=
PA7.PinState=GPIO_PIN_SET
Mcu.ThirdPartyNb=0
RCC.HCLKFreq_Value=168000000
Mcu.IPNb=8
RCC.I2SClocksFreq_Value=192000000
ProjectManager.PreviousToolchain=
RCC.APB2TimFreq_Value=168000000
RCC.VcooutputI2S=192000000
PC3.Signal=SPI2_MOSI
Mcu.Pin6=PE7
Mcu.Pin7=PE9
Mcu.Pin8=PE11
Mcu.Pin9=PE13
Dma.SPI2_TX.0.Mode=DMA_NORMAL
FREERTOS.IPParameters=Tasks01,FootprintOK
RCC.AHBFreq_Value=168000000
SPI2.BaudRatePrescaler=SPI_BAUDRATEPRESCALER_128
PH0-OSC_IN.Mode=HSE-External-Oscillator
Mcu.Pin0=PH0-OSC_IN
Mcu.Pin1=PH1-OSC_OUT
GPIO.groupedBy=Group By Peripherals
Mcu.Pin2=PC2
Mcu.Pin3=PC3
Mcu.Pin4=PA6
Mcu.Pin5=PA7
ProjectManager.ProjectBuild=false
RCC.HSE_VALUE=8000000
NVIC.UsageFault_IRQn=true\:0\:0\:false\:false\:true\:false\:false\:false
NVIC.DebugMonitor_IRQn=true\:0\:0\:false\:false\:true\:false\:false\:false
PB3.Mode=Trace_Asynchronous_SW
NVIC.SysTick_IRQn=true\:15\:0\:false\:false\:false\:true\:false\:true
PE13.PinState=GPIO_PIN_SET
ProjectManager.FirmwarePackage=STM32Cube FW_F4 V1.26.1
MxDb.Version=DB.6.0.21
PE13.Signal=GPIO_Output
ProjectManager.BackupPrevious=false
RCC.VCOInputFreq_Value=2000000
PE9.Signal=GPXTI9
VP_SYS_VS_tim2.Signal=SYS_VS_tim2
PA14.Mode=Trace_Asynchronous_SW
PE9.Locked=true
NVIC.TIM2_IRQn=true\:0\:0\:false\:false\:true\:false\:false\:true
File.Version=6
SPI2.CalculateBaudRate=328.125 KBits/s
NVIC.PendSV_IRQn=true\:15\:0\:false\:false\:false\:true\:false\:false
VP_FREERTOS_VS_CMSIS_V1.Mode=CMSIS_V1
Dma.RequestsNb=1
ProjectManager.HalAssertFull=false
ProjectManager.ProjectName=sim7600LL
PH1-OSC_OUT.Mode=HSE-External-Oscillator
RCC.MCO2PinFreq_Value=168000000
Mcu.Package=LQFP100
VP_SYS_VS_tim2.Mode=TIM2
PA6.Signal=GPIO_Output
PA7.Locked=true
NVIC.TimeBase=TIM2_IRQn
SPI2.Mode=SPI_MODE_MASTER
ProjectManager.ToolChainLocation=
RCC.LSI_VALUE=32000
NVIC.TimeBaseIP=TIM2
PA10.Signal=USART1_RX
FREERTOS.FootprintOK=true
SPI2.CLKPhase=SPI_PHASE_2EDGE
Dma.SPI2_TX.0.PeriphInc=DMA_PINC_DISABLE
RCC.APB2CLKDivider=RCC_HCLK_DIV2
RCC.APB1TimFreq_Value=84000000
NVIC.BusFault_IRQn=true\:0\:0\:false\:false\:true\:false\:false\:false
SPI2.Direction=SPI_DIRECTION_2LINES
PE7.Signal=GPIO_Output
Dma.Request0=SPI2_TX
ProjectManager.CustomerFirmwarePackage=
PA6.GPIOParameters=PinState
RCC.PLLSourceVirtual=RCC_PLLSOURCE_HSE
ProjectManager.ProjectFileName=sim7600LL.ioc
FREERTOS.Tasks01=defaultTask,3,128,StartDefaultTask,Default,NULL,Dynamic,NULL,NULL;blinkTask,2,128,StartTask02,Default,NULL,Dynamic,NULL,NULL
TIM5.IPParameters=AutoReloadPreload,Prescaler
PA10.Mode=Asynchronous
Mcu.PinsNb=20
ProjectManager.NoMain=false
NVIC.SavedSvcallIrqHandlerGenerated=true
PC2.Signal=SPI2_MISO
ProjectManager.DefaultFWLocation=true
PE7.PinState=GPIO_PIN_SET
PC2.Mode=Full_Duplex_Master
PA6.PinState=GPIO_PIN_SET
PB12.Locked=true
ProjectManager.DeletePrevious=true
RCC.APB1CLKDivider=RCC_HCLK_DIV4
RCC.FamilyName=M
TIM5.AutoReloadPreload=TIM_AUTORELOAD_PRELOAD_ENABLE
PE9.GPIOParameters=GPIO_PuPd,GPIO_ModeDefaultEXTI
PA13.Signal=SYS_JTMS-SWDIO
VP_FREERTOS_VS_CMSIS_V1.Signal=FREERTOS_VS_CMSIS_V1
PA9.Mode=Asynchronous
ProjectManager.TargetToolchain=STM32CubeIDE
PE7.GPIOParameters=PinState
PA9.Signal=USART1_TX
SPI2.IPParameters=VirtualType,Mode,Direction,CalculateBaudRate,BaudRatePrescaler,CLKPolarity,CLKPhase
ProjectManager.RegisterCallBack=
PE11.Signal=GPIO_Output
RCC.LSE_VALUE=32768
PB10.Signal=SPI2_SCK
RCC.VCOI2SOutputFreq_Value=384000000
PE13.GPIOParameters=PinState
board=custom
RCC.VCOOutputFreq_Value=336000000
ProjectManager.LastFirmware=true
NVIC.SavedSystickIrqHandlerGenerated=true
RCC.APB2Freq_Value=84000000
MxCube.Version=6.2.1
Dma.SPI2_TX.0.PeriphDataAlignment=DMA_PDATAALIGN_BYTE
RCC.EthernetFreq_Value=168000000
PH1-OSC_OUT.Signal=RCC_OSC_OUT
NVIC.NonMaskableInt_IRQn=true\:0\:0\:false\:false\:true\:false\:false\:false
PE7.Locked=true
PA13.Mode=Trace_Asynchronous_SW
ProjectManager.FreePins=false
RCC.IPParameters=48MHZClocksFreq_Value,AHBFreq_Value,APB1CLKDivider,APB1Freq_Value,APB1TimFreq_Value,APB2CLKDivider,APB2Freq_Value,APB2TimFreq_Value,CortexFreq_Value,EthernetFreq_Value,FCLKCortexFreq_Value,FamilyName,HCLKFreq_Value,HSE_VALUE,HSI_VALUE,I2SClocksFreq_Value,LSE_VALUE,LSI_VALUE,MCO2PinFreq_Value,PLLCLKFreq_Value,PLLM,PLLN,PLLQCLKFreq_Value,PLLSourceVirtual,RTCFreq_Value,RTCHSEDivFreq_Value,SYSCLKFreq_VALUE,SYSCLKSource,VCOI2SOutputFreq_Value,VCOInputFreq_Value,VCOOutputFreq_Value,VcooutputI2S
PE11.Locked=true
ProjectManager.AskForMigrate=true
Mcu.Name=STM32F407V(E-G)Tx
Dma.SPI2_TX.0.FIFOMode=DMA_FIFOMODE_DISABLE
NVIC.SavedPendsvIrqHandlerGenerated=true
RCC.RTCHSEDivFreq_Value=4000000
ProjectManager.UnderRoot=true
PE13.Locked=true
Mcu.IP6=TIM5
Mcu.IP7=USART1
ProjectManager.CoupleFile=false
RCC.48MHZClocksFreq_Value=84000000
PB3.Signal=SYS_JTDO-SWO
Dma.SPI2_TX.0.Priority=DMA_PRIORITY_HIGH
RCC.SYSCLKFreq_VALUE=168000000
NVIC.ForceEnableDMAVector=true
KeepUserPlacement=false
TIM5.Prescaler=41999
NVIC.MemoryManagement_IRQn=true\:0\:0\:false\:false\:true\:false\:false\:false
USART1.VirtualMode=VM_ASYNC
ProjectManager.CompilerOptimize=6
SH.GPXTI9.ConfNb=1
NVIC.EXTI9_5_IRQn=true\:15\:0\:true\:false\:true\:true\:true\:true
PA14.Signal=SYS_JTCK-SWCLK
ProjectManager.HeapSize=0x200
Mcu.Pin15=PA14
NVIC.HardFault_IRQn=true\:0\:0\:false\:false\:true\:false\:false\:false
Mcu.Pin16=PB3
Mcu.Pin13=PA10
Mcu.Pin14=PA13
Mcu.Pin19=VP_TIM5_VS_ClockSourceINT
ProjectManager.ComputerToolchain=false
Mcu.Pin17=VP_FREERTOS_VS_CMSIS_V1
RCC.HSI_VALUE=16000000
Mcu.Pin18=VP_SYS_VS_tim2
NVIC.PriorityGroup=NVIC_PRIORITYGROUP_4
Mcu.Pin11=PB12
Mcu.Pin12=PA9
RCC.PLLM=4
RCC.PLLN=168
Mcu.Pin10=PB10
PE9.GPIO_ModeDefaultEXTI=GPIO_MODE_IT_RISING_FALLING
Dma.SPI2_TX.0.Direction=DMA_MEMORY_TO_PERIPH
RCC.APB1Freq_Value=42000000
PA7.GPIOParameters=PinState
ProjectManager.DeviceId=STM32F407VETx
PB12.Signal=GPIO_Output
ProjectManager.LibraryCopy=1
PA7.Signal=GPIO_Output
PE9.GPIO_PuPd=GPIO_NOPULL
PA6.Locked=true
isbadioc=false
